
Microsoft Visual Studio Solution File, Format Version 12.00
# Visual Studio Version 16
VisualStudioVersion = 16.0.33927.289
MinimumVisualStudioVersion = 10.0.40219.1
Project("{FAE04EC0-301F-11D3-BF4B-00C04F79EFBC}") = "M1HW2_Tadlock_Resubmit", "M1HW2_Tadlock_Resubmit\M1HW2_Tadlock_Resubmit.csproj", "{F6440251-580E-4DE5-8084-27622C34282A}"
EndProject
Global
	GlobalSection(SolutionConfigurationPlatforms) = preSolution
		Debug|Any CPU = Debug|Any CPU
		Release|Any CPU = Release|Any CPU
	EndGlobalSection
	GlobalSection(ProjectConfigurationPlatforms) = postSolution
		{F6440251-580E-4DE5-8084-27622C34282A}.Debug|Any CPU.ActiveCfg = Debug|Any CPU
		{F6440251-580E-4DE5-8084-27622C34282A}.Debug|Any CPU.Build.0 = Debug|Any CPU
		{F6440251-580E-4DE5-8084-27622C34282A}.Release|Any CPU.ActiveCfg = Release|Any CPU
		{F6440251-580E-4DE5-8084-27622C34282A}.Release|Any CPU.Build.0 = Release|Any CPU
	EndGlobalSection
	GlobalSection(SolutionProperties) = preSolution
		HideSolutionNode = FALSE
	EndGlobalSection
	GlobalSection(ExtensibilityGlobals) = postSolution
		SolutionGuid = {D513C654-2189-4518-A6F1-C7B1F2E0FBE0}
	EndGlobalSection
EndGlobal
