
Microsoft Visual Studio Solution File, Format Version 12.00
# Visual Studio Version 16
VisualStudioVersion = 16.0.33927.289
MinimumVisualStudioVersion = 10.0.40219.1
Project("{FAE04EC0-301F-11D3-BF4B-00C04F79EFBC}") = "M2HW1_Tadlock", "M2HW1_Tadlock\M2HW1_Tadlock.csproj", "{ED270B6A-9886-4C93-88CA-30E7AD027203}"
EndProject
Project("{FAE04EC0-301F-11D3-BF4B-00C04F79EFBC}") = "TadlockLibrary", "TadlockLibrary\TadlockLibrary.csproj", "{7A915970-FD95-4A71-85DB-7D7D3EA9B53C}"
EndProject
Global
	GlobalSection(SolutionConfigurationPlatforms) = preSolution
		Debug|Any CPU = Debug|Any CPU
		Release|Any CPU = Release|Any CPU
	EndGlobalSection
	GlobalSection(ProjectConfigurationPlatforms) = postSolution
		{ED270B6A-9886-4C93-88CA-30E7AD027203}.Debug|Any CPU.ActiveCfg = Debug|Any CPU
		{ED270B6A-9886-4C93-88CA-30E7AD027203}.Debug|Any CPU.Build.0 = Debug|Any CPU
		{ED270B6A-9886-4C93-88CA-30E7AD027203}.Release|Any CPU.ActiveCfg = Release|Any CPU
		{ED270B6A-9886-4C93-88CA-30E7AD027203}.Release|Any CPU.Build.0 = Release|Any CPU
		{7A915970-FD95-4A71-85DB-7D7D3EA9B53C}.Debug|Any CPU.ActiveCfg = Debug|Any CPU
		{7A915970-FD95-4A71-85DB-7D7D3EA9B53C}.Debug|Any CPU.Build.0 = Debug|Any CPU
		{7A915970-FD95-4A71-85DB-7D7D3EA9B53C}.Release|Any CPU.ActiveCfg = Release|Any CPU
		{7A915970-FD95-4A71-85DB-7D7D3EA9B53C}.Release|Any CPU.Build.0 = Release|Any CPU
	EndGlobalSection
	GlobalSection(SolutionProperties) = preSolution
		HideSolutionNode = FALSE
	EndGlobalSection
	GlobalSection(ExtensibilityGlobals) = postSolution
		SolutionGuid = {B5E4124D-FA30-477F-BFB8-943A647A0BA2}
	EndGlobalSection
EndGlobal
