
Microsoft Visual Studio Solution File, Format Version 12.00
# Visual Studio Version 16
VisualStudioVersion = 16.0.33927.289
MinimumVisualStudioVersion = 10.0.40219.1
Project("{FAE04EC0-301F-11D3-BF4B-00C04F79EFBC}") = "M1HW1_Tadlock_Resubmit", "M1HW1_Tadlock_Resubmit\M1HW1_Tadlock_Resubmit.csproj", "{B91B930E-1DE5-464A-9686-9BAA11D32F5D}"
EndProject
Global
	GlobalSection(SolutionConfigurationPlatforms) = preSolution
		Debug|Any CPU = Debug|Any CPU
		Release|Any CPU = Release|Any CPU
	EndGlobalSection
	GlobalSection(ProjectConfigurationPlatforms) = postSolution
		{B91B930E-1DE5-464A-9686-9BAA11D32F5D}.Debug|Any CPU.ActiveCfg = Debug|Any CPU
		{B91B930E-1DE5-464A-9686-9BAA11D32F5D}.Debug|Any CPU.Build.0 = Debug|Any CPU
		{B91B930E-1DE5-464A-9686-9BAA11D32F5D}.Release|Any CPU.ActiveCfg = Release|Any CPU
		{B91B930E-1DE5-464A-9686-9BAA11D32F5D}.Release|Any CPU.Build.0 = Release|Any CPU
	EndGlobalSection
	GlobalSection(SolutionProperties) = preSolution
		HideSolutionNode = FALSE
	EndGlobalSection
	GlobalSection(ExtensibilityGlobals) = postSolution
		SolutionGuid = {E84759AE-5D95-4F51-ACC4-84A6770CF850}
	EndGlobalSection
EndGlobal
